// !$*UTF8*$!
{
	archiveVersion = 1;
	classes = {
	};
	objectVersion = 56;
	objects = {

/* Begin PBXBuildFile section */
		49431FD02A11618C00980238 /* PhotosAlbumViewModel.swift in Sources */ = {isa = PBXBuildFile; fileRef = 49431FCF2A11618C00980238 /* PhotosAlbumViewModel.swift */; };
		4999A0962A1131E900D322E2 /* PhotosAlbumView.swift in Sources */ = {isa = PBXBuildFile; fileRef = 4999A0952A1131E900D322E2 /* PhotosAlbumView.swift */; };
		499AA43B2A107F5D007D3561 /* CarouselView.swift in Sources */ = {isa = PBXBuildFile; fileRef = 499AA43A2A107F5D007D3561 /* CarouselView.swift */; };
		499AA43F2A108344007D3561 /* APIKeyViewModel.swift in Sources */ = {isa = PBXBuildFile; fileRef = 499AA43E2A108344007D3561 /* APIKeyViewModel.swift */; };
		49AD980F2A1090D5002828AB /* CButton.swift in Sources */ = {isa = PBXBuildFile; fileRef = 49AD980E2A1090D5002828AB /* CButton.swift */; };
		49BC5E912A1084C8005CC62A /* ImageGeneratorViewModel.swift in Sources */ = {isa = PBXBuildFile; fileRef = 49BC5E902A1084C8005CC62A /* ImageGeneratorViewModel.swift */; };
		49CED42F2A10A7CC00F1E5C9 /* HomeView.swift in Sources */ = {isa = PBXBuildFile; fileRef = 49CED42E2A10A7CC00F1E5C9 /* HomeView.swift */; };
		49DCDBFA2A0AA0B1005B37E3 /* ImageGeneratorApp.swift in Sources */ = {isa = PBXBuildFile; fileRef = 49DCDBF92A0AA0B1005B37E3 /* ImageGeneratorApp.swift */; };
		49DCDBFC2A0AA0B1005B37E3 /* ContentView.swift in Sources */ = {isa = PBXBuildFile; fileRef = 49DCDBFB2A0AA0B1005B37E3 /* ContentView.swift */; };
		49DCDBFE2A0AA0BD005B37E3 /* Assets.xcassets in Resources */ = {isa = PBXBuildFile; fileRef = 49DCDBFD2A0AA0BD005B37E3 /* Assets.xcassets */; };
		49DCDC022A0AA0BD005B37E3 /* Preview Assets.xcassets in Resources */ = {isa = PBXBuildFile; fileRef = 49DCDC012A0AA0BD005B37E3 /* Preview Assets.xcassets */; };
		49DCDC0A2A0AA432005B37E3 /* OpenAIKit in Frameworks */ = {isa = PBXBuildFile; productRef = 49DCDC092A0AA432005B37E3 /* OpenAIKit */; };
		49DCDC0C2A0ABB74005B37E3 /* APIKeyView.swift in Sources */ = {isa = PBXBuildFile; fileRef = 49DCDC0B2A0ABB74005B37E3 /* APIKeyView.swift */; };
		49DCDC0E2A0ABCC8005B37E3 /* ImageGeneratorView.swift in Sources */ = {isa = PBXBuildFile; fileRef = 49DCDC0D2A0ABCC8005B37E3 /* ImageGeneratorView.swift */; };
/* End PBXBuildFile section */

/* Begin PBXFileReference section */
		49431FCF2A11618C00980238 /* PhotosAlbumViewModel.swift */ = {isa = PBXFileReference; lastKnownFileType = sourcecode.swift; path = PhotosAlbumViewModel.swift; sourceTree = "<group>"; };
		4999A0952A1131E900D322E2 /* PhotosAlbumView.swift */ = {isa = PBXFileReference; lastKnownFileType = sourcecode.swift; path = PhotosAlbumView.swift; sourceTree = "<group>"; };
		499AA43A2A107F5D007D3561 /* CarouselView.swift */ = {isa = PBXFileReference; lastKnownFileType = sourcecode.swift; path = CarouselView.swift; sourceTree = "<group>"; };
		499AA43E2A108344007D3561 /* APIKeyViewModel.swift */ = {isa = PBXFileReference; lastKnownFileType = sourcecode.swift; path = APIKeyViewModel.swift; sourceTree = "<group>"; };
		49AD980E2A1090D5002828AB /* CButton.swift */ = {isa = PBXFileReference; lastKnownFileType = sourcecode.swift; path = CButton.swift; sourceTree = "<group>"; };
		49BC5E902A1084C8005CC62A /* ImageGeneratorViewModel.swift */ = {isa = PBXFileReference; lastKnownFileType = sourcecode.swift; path = ImageGeneratorViewModel.swift; sourceTree = "<group>"; };
		49CED42D2A10A5CF00F1E5C9 /* Info.plist */ = {isa = PBXFileReference; lastKnownFileType = text.plist; path = Info.plist; sourceTree = "<group>"; };
		49CED42E2A10A7CC00F1E5C9 /* HomeView.swift */ = {isa = PBXFileReference; lastKnownFileType = sourcecode.swift; path = HomeView.swift; sourceTree = "<group>"; };
		49DCDBF62A0AA0B1005B37E3 /* ImageGenerator.app */ = {isa = PBXFileReference; explicitFileType = wrapper.application; includeInIndex = 0; path = ImageGenerator.app; sourceTree = BUILT_PRODUCTS_DIR; };
		49DCDBF92A0AA0B1005B37E3 /* ImageGeneratorApp.swift */ = {isa = PBXFileReference; lastKnownFileType = sourcecode.swift; path = ImageGeneratorApp.swift; sourceTree = "<group>"; };
		49DCDBFB2A0AA0B1005B37E3 /* ContentView.swift */ = {isa = PBXFileReference; lastKnownFileType = sourcecode.swift; path = ContentView.swift; sourceTree = "<group>"; };
		49DCDBFD2A0AA0BD005B37E3 /* Assets.xcassets */ = {isa = PBXFileReference; lastKnownFileType = folder.assetcatalog; path = Assets.xcassets; sourceTree = "<group>"; };
		49DCDBFF2A0AA0BD005B37E3 /* ImageGenerator.entitlements */ = {isa = PBXFileReference; lastKnownFileType = text.plist.entitlements; path = ImageGenerator.entitlements; sourceTree = "<group>"; };
		49DCDC012A0AA0BD005B37E3 /* Preview Assets.xcassets */ = {isa = PBXFileReference; lastKnownFileType = folder.assetcatalog; path = "Preview Assets.xcassets"; sourceTree = "<group>"; };
		49DCDC0B2A0ABB74005B37E3 /* APIKeyView.swift */ = {isa = PBXFileReference; lastKnownFileType = sourcecode.swift; path = APIKeyView.swift; sourceTree = "<group>"; };
		49DCDC0D2A0ABCC8005B37E3 /* ImageGeneratorView.swift */ = {isa = PBXFileReference; lastKnownFileType = sourcecode.swift; path = ImageGeneratorView.swift; sourceTree = "<group>"; };
/* End PBXFileReference section */

/* Begin PBXFrameworksBuildPhase section */
		49DCDBF32A0AA0B1005B37E3 /* Frameworks */ = {
			isa = PBXFrameworksBuildPhase;
			buildActionMask = 2147483647;
			files = (
				49DCDC0A2A0AA432005B37E3 /* OpenAIKit in Frameworks */,
			);
			runOnlyForDeploymentPostprocessing = 0;
		};
/* End PBXFrameworksBuildPhase section */

/* Begin PBXGroup section */
		499AA43C2A108309007D3561 /* views */ = {
			isa = PBXGroup;
			children = (
				49CED42E2A10A7CC00F1E5C9 /* HomeView.swift */,
				4999A0952A1131E900D322E2 /* PhotosAlbumView.swift */,
			);
			path = views;
			sourceTree = "<group>";
		};
		499AA43D2A108321007D3561 /* viewmodel */ = {
			isa = PBXGroup;
			children = (
				499AA43E2A108344007D3561 /* APIKeyViewModel.swift */,
				49BC5E902A1084C8005CC62A /* ImageGeneratorViewModel.swift */,
				49431FCF2A11618C00980238 /* PhotosAlbumViewModel.swift */,
			);
			path = viewmodel;
			sourceTree = "<group>";
		};
		49AD980D2A109033002828AB /* components */ = {
			isa = PBXGroup;
			children = (
				49AD980E2A1090D5002828AB /* CButton.swift */,
			);
			path = components;
			sourceTree = "<group>";
		};
		49DCDBED2A0AA0B0005B37E3 = {
			isa = PBXGroup;
			children = (
				49DCDBF82A0AA0B1005B37E3 /* ImageGenerator */,
				49DCDBF72A0AA0B1005B37E3 /* Products */,
			);
			sourceTree = "<group>";
		};
		49DCDBF72A0AA0B1005B37E3 /* Products */ = {
			isa = PBXGroup;
			children = (
				49DCDBF62A0AA0B1005B37E3 /* ImageGenerator.app */,
			);
			name = Products;
			sourceTree = "<group>";
		};
		49DCDBF82A0AA0B1005B37E3 /* ImageGenerator */ = {
			isa = PBXGroup;
			children = (
				49CED42D2A10A5CF00F1E5C9 /* Info.plist */,
				49AD980D2A109033002828AB /* components */,
				499AA43D2A108321007D3561 /* viewmodel */,
				499AA43C2A108309007D3561 /* views */,
				49DCDBF92A0AA0B1005B37E3 /* ImageGeneratorApp.swift */,
				49DCDBFB2A0AA0B1005B37E3 /* ContentView.swift */,
				49DCDBFD2A0AA0BD005B37E3 /* Assets.xcassets */,
				49DCDBFF2A0AA0BD005B37E3 /* ImageGenerator.entitlements */,
				49DCDC002A0AA0BD005B37E3 /* Preview Content */,
				49DCDC0B2A0ABB74005B37E3 /* APIKeyView.swift */,
				49DCDC0D2A0ABCC8005B37E3 /* ImageGeneratorView.swift */,
				499AA43A2A107F5D007D3561 /* CarouselView.swift */,
			);
			path = ImageGenerator;
			sourceTree = "<group>";
		};
		49DCDC002A0AA0BD005B37E3 /* Preview Content */ = {
			isa = PBXGroup;
			children = (
				49DCDC012A0AA0BD005B37E3 /* Preview Assets.xcassets */,
			);
			path = "Preview Content";
			sourceTree = "<group>";
		};
/* End PBXGroup section */

/* Begin PBXNativeTarget section */
		49DCDBF52A0AA0B1005B37E3 /* ImageGenerator */ = {
			isa = PBXNativeTarget;
			buildConfigurationList = 49DCDC052A0AA0BD005B37E3 /* Build configuration list for PBXNativeTarget "ImageGenerator" */;
			buildPhases = (
				49DCDBF22A0AA0B1005B37E3 /* Sources */,
				49DCDBF32A0AA0B1005B37E3 /* Frameworks */,
				49DCDBF42A0AA0B1005B37E3 /* Resources */,
			);
			buildRules = (
			);
			dependencies = (
			);
			name = ImageGenerator;
			packageProductDependencies = (
				49DCDC092A0AA432005B37E3 /* OpenAIKit */,
			);
			productName = ImageGenerator;
			productReference = 49DCDBF62A0AA0B1005B37E3 /* ImageGenerator.app */;
			productType = "com.apple.product-type.application";
		};
/* End PBXNativeTarget section */

/* Begin PBXProject section */
		49DCDBEE2A0AA0B0005B37E3 /* Project object */ = {
			isa = PBXProject;
			attributes = {
				BuildIndependentTargetsInParallel = 1;
				LastSwiftUpdateCheck = 1430;
				LastUpgradeCheck = 1430;
				TargetAttributes = {
					49DCDBF52A0AA0B1005B37E3 = {
						CreatedOnToolsVersion = 14.3;
					};
				};
			};
			buildConfigurationList = 49DCDBF12A0AA0B0005B37E3 /* Build configuration list for PBXProject "ImageGenerator" */;
			compatibilityVersion = "Xcode 14.0";
			developmentRegion = en;
			hasScannedForEncodings = 0;
			knownRegions = (
				en,
				Base,
			);
			mainGroup = 49DCDBED2A0AA0B0005B37E3;
			packageReferences = (
				49DCDC082A0AA432005B37E3 /* XCRemoteSwiftPackageReference "OpenAIKit" */,
			);
			productRefGroup = 49DCDBF72A0AA0B1005B37E3 /* Products */;
			projectDirPath = "";
			projectRoot = "";
			targets = (
				49DCDBF52A0AA0B1005B37E3 /* ImageGenerator */,
			);
		};
/* End PBXProject section */

/* Begin PBXResourcesBuildPhase section */
		49DCDBF42A0AA0B1005B37E3 /* Resources */ = {
			isa = PBXResourcesBuildPhase;
			buildActionMask = 2147483647;
			files = (
				49DCDC022A0AA0BD005B37E3 /* Preview Assets.xcassets in Resources */,
				49DCDBFE2A0AA0BD005B37E3 /* Assets.xcassets in Resources */,
			);
			runOnlyForDeploymentPostprocessing = 0;
		};
/* End PBXResourcesBuildPhase section */

/* Begin PBXSourcesBuildPhase section */
		49DCDBF22A0AA0B1005B37E3 /* Sources */ = {
			isa = PBXSourcesBuildPhase;
			buildActionMask = 2147483647;
			files = (
				49CED42F2A10A7CC00F1E5C9 /* HomeView.swift in Sources */,
				499AA43B2A107F5D007D3561 /* CarouselView.swift in Sources */,
				499AA43F2A108344007D3561 /* APIKeyViewModel.swift in Sources */,
				49DCDC0E2A0ABCC8005B37E3 /* ImageGeneratorView.swift in Sources */,
				49DCDC0C2A0ABB74005B37E3 /* APIKeyView.swift in Sources */,
				49DCDBFC2A0AA0B1005B37E3 /* ContentView.swift in Sources */,
				49431FD02A11618C00980238 /* PhotosAlbumViewModel.swift in Sources */,
				49DCDBFA2A0AA0B1005B37E3 /* ImageGeneratorApp.swift in Sources */,
				49BC5E912A1084C8005CC62A /* ImageGeneratorViewModel.swift in Sources */,
				49AD980F2A1090D5002828AB /* CButton.swift in Sources */,
				4999A0962A1131E900D322E2 /* PhotosAlbumView.swift in Sources */,
			);
			runOnlyForDeploymentPostprocessing = 0;
		};
/* End PBXSourcesBuildPhase section */

/* Begin XCBuildConfiguration section */
		49DCDC032A0AA0BD005B37E3 /* Debug */ = {
			isa = XCBuildConfiguration;
			buildSettings = {
				ALWAYS_SEARCH_USER_PATHS = NO;
				CLANG_ANALYZER_NONNULL = YES;
				CLANG_ANALYZER_NUMBER_OBJECT_CONVERSION = YES_AGGRESSIVE;
				CLANG_CXX_LANGUAGE_STANDARD = "gnu++20";
				CLANG_ENABLE_MODULES = YES;
				CLANG_ENABLE_OBJC_ARC = YES;
				CLANG_ENABLE_OBJC_WEAK = YES;
				CLANG_WARN_BLOCK_CAPTURE_AUTORELEASING = YES;
				CLANG_WARN_BOOL_CONVERSION = YES;
				CLANG_WARN_COMMA = YES;
				CLANG_WARN_CONSTANT_CONVERSION = YES;
				CLANG_WARN_DEPRECATED_OBJC_IMPLEMENTATIONS = YES;
				CLANG_WARN_DIRECT_OBJC_ISA_USAGE = YES_ERROR;
				CLANG_WARN_DOCUMENTATION_COMMENTS = YES;
				CLANG_WARN_EMPTY_BODY = YES;
				CLANG_WARN_ENUM_CONVERSION = YES;
				CLANG_WARN_INFINITE_RECURSION = YES;
				CLANG_WARN_INT_CONVERSION = YES;
				CLANG_WARN_NON_LITERAL_NULL_CONVERSION = YES;
				CLANG_WARN_OBJC_IMPLICIT_RETAIN_SELF = YES;
				CLANG_WARN_OBJC_LITERAL_CONVERSION = YES;
				CLANG_WARN_OBJC_ROOT_CLASS = YES_ERROR;
				CLANG_WARN_QUOTED_INCLUDE_IN_FRAMEWORK_HEADER = YES;
				CLANG_WARN_RANGE_LOOP_ANALYSIS = YES;
				CLANG_WARN_STRICT_PROTOTYPES = YES;
				CLANG_WARN_SUSPICIOUS_MOVE = YES;
				CLANG_WARN_UNGUARDED_AVAILABILITY = YES_AGGRESSIVE;
				CLANG_WARN_UNREACHABLE_CODE = YES;
				CLANG_WARN__DUPLICATE_METHOD_MATCH = YES;
				COPY_PHASE_STRIP = NO;
				DEBUG_INFORMATION_FORMAT = dwarf;
				ENABLE_STRICT_OBJC_MSGSEND = YES;
				ENABLE_TESTABILITY = YES;
				GCC_C_LANGUAGE_STANDARD = gnu11;
				GCC_DYNAMIC_NO_PIC = NO;
				GCC_NO_COMMON_BLOCKS = YES;
				GCC_OPTIMIZATION_LEVEL = 0;
				GCC_PREPROCESSOR_DEFINITIONS = (
					"DEBUG=1",
					"$(inherited)",
				);
				GCC_WARN_64_TO_32_BIT_CONVERSION = YES;
				GCC_WARN_ABOUT_RETURN_TYPE = YES_ERROR;
				GCC_WARN_UNDECLARED_SELECTOR = YES;
				GCC_WARN_UNINITIALIZED_AUTOS = YES_AGGRESSIVE;
				GCC_WARN_UNUSED_FUNCTION = YES;
				GCC_WARN_UNUSED_VARIABLE = YES;
				MTL_ENABLE_DEBUG_INFO = INCLUDE_SOURCE;
				MTL_FAST_MATH = YES;
				ONLY_ACTIVE_ARCH = YES;
				SWIFT_ACTIVE_COMPILATION_CONDITIONS = DEBUG;
				SWIFT_OPTIMIZATION_LEVEL = "-Onone";
			};
			name = Debug;
		};
		49DCDC042A0AA0BD005B37E3 /* Release */ = {
			isa = XCBuildConfiguration;
			buildSettings = {
				ALWAYS_SEARCH_USER_PATHS = NO;
				CLANG_ANALYZER_NONNULL = YES;
				CLANG_ANALYZER_NUMBER_OBJECT_CONVERSION = YES_AGGRESSIVE;
				CLANG_CXX_LANGUAGE_STANDARD = "gnu++20";
				CLANG_ENABLE_MODULES = YES;
				CLANG_ENABLE_OBJC_ARC = YES;
				CLANG_ENABLE_OBJC_WEAK = YES;
				CLANG_WARN_BLOCK_CAPTURE_AUTORELEASING = YES;
				CLANG_WARN_BOOL_CONVERSION = YES;
				CLANG_WARN_COMMA = YES;
				CLANG_WARN_CONSTANT_CONVERSION = YES;
				CLANG_WARN_DEPRECATED_OBJC_IMPLEMENTATIONS = YES;
				CLANG_WARN_DIRECT_OBJC_ISA_USAGE = YES_ERROR;
				CLANG_WARN_DOCUMENTATION_COMMENTS = YES;
				CLANG_WARN_EMPTY_BODY = YES;
				CLANG_WARN_ENUM_CONVERSION = YES;
				CLANG_WARN_INFINITE_RECURSION = YES;
				CLANG_WARN_INT_CONVERSION = YES;
				CLANG_WARN_NON_LITERAL_NULL_CONVERSION = YES;
				CLANG_WARN_OBJC_IMPLICIT_RETAIN_SELF = YES;
				CLANG_WARN_OBJC_LITERAL_CONVERSION = YES;
				CLANG_WARN_OBJC_ROOT_CLASS = YES_ERROR;
				CLANG_WARN_QUOTED_INCLUDE_IN_FRAMEWORK_HEADER = YES;
				CLANG_WARN_RANGE_LOOP_ANALYSIS = YES;
				CLANG_WARN_STRICT_PROTOTYPES = YES;
				CLANG_WARN_SUSPICIOUS_MOVE = YES;
				CLANG_WARN_UNGUARDED_AVAILABILITY = YES_AGGRESSIVE;
				CLANG_WARN_UNREACHABLE_CODE = YES;
				CLANG_WARN__DUPLICATE_METHOD_MATCH = YES;
				COPY_PHASE_STRIP = NO;
				DEBUG_INFORMATION_FORMAT = "dwarf-with-dsym";
				ENABLE_NS_ASSERTIONS = NO;
				ENABLE_STRICT_OBJC_MSGSEND = YES;
				GCC_C_LANGUAGE_STANDARD = gnu11;
				GCC_NO_COMMON_BLOCKS = YES;
				GCC_WARN_64_TO_32_BIT_CONVERSION = YES;
				GCC_WARN_ABOUT_RETURN_TYPE = YES_ERROR;
				GCC_WARN_UNDECLARED_SELECTOR = YES;
				GCC_WARN_UNINITIALIZED_AUTOS = YES_AGGRESSIVE;
				GCC_WARN_UNUSED_FUNCTION = YES;
				GCC_WARN_UNUSED_VARIABLE = YES;
				MTL_ENABLE_DEBUG_INFO = NO;
				MTL_FAST_MATH = YES;
				SWIFT_COMPILATION_MODE = wholemodule;
				SWIFT_OPTIMIZATION_LEVEL = "-O";
			};
			name = Release;
		};
		49DCDC062A0AA0BD005B37E3 /* Debug */ = {
			isa = XCBuildConfiguration;
			buildSettings = {
				ASSETCATALOG_COMPILER_APPICON_NAME = AppIcon;
				ASSETCATALOG_COMPILER_GLOBAL_ACCENT_COLOR_NAME = AccentColor;
				CODE_SIGN_ENTITLEMENTS = ImageGenerator/ImageGenerator.entitlements;
				CODE_SIGN_STYLE = Automatic;
				CURRENT_PROJECT_VERSION = 1;
				DEVELOPMENT_ASSET_PATHS = "\"ImageGenerator/Preview Content\"";
				ENABLE_PREVIEWS = YES;
				GENERATE_INFOPLIST_FILE = YES;
				INFOPLIST_FILE = ImageGenerator/Info.plist;
				INFOPLIST_KEY_CFBundleDisplayName = "";
				INFOPLIST_KEY_LSApplicationCategoryType = "";
				INFOPLIST_KEY_NSPhotoLibraryAddUsageDescription = "";
				INFOPLIST_KEY_NSPhotoLibraryUsageDescription = "This app needs to save images to your photo library in order to share them with friends.";
				"INFOPLIST_KEY_UIApplicationSceneManifest_Generation[sdk=iphoneos*]" = YES;
				"INFOPLIST_KEY_UIApplicationSceneManifest_Generation[sdk=iphonesimulator*]" = YES;
				"INFOPLIST_KEY_UIApplicationSupportsIndirectInputEvents[sdk=iphoneos*]" = YES;
				"INFOPLIST_KEY_UIApplicationSupportsIndirectInputEvents[sdk=iphonesimulator*]" = YES;
				"INFOPLIST_KEY_UILaunchScreen_Generation[sdk=iphoneos*]" = YES;
				"INFOPLIST_KEY_UILaunchScreen_Generation[sdk=iphonesimulator*]" = YES;
				"INFOPLIST_KEY_UIStatusBarStyle[sdk=iphoneos*]" = UIStatusBarStyleDefault;
				"INFOPLIST_KEY_UIStatusBarStyle[sdk=iphonesimulator*]" = UIStatusBarStyleDefault;
				INFOPLIST_KEY_UISupportedInterfaceOrientations_iPad = "UIInterfaceOrientationPortrait UIInterfaceOrientationPortraitUpsideDown UIInterfaceOrientationLandscapeLeft UIInterfaceOrientationLandscapeRight";
				INFOPLIST_KEY_UISupportedInterfaceOrientations_iPhone = "UIInterfaceOrientationPortrait UIInterfaceOrientationLandscapeLeft UIInterfaceOrientationLandscapeRight";
				IPHONEOS_DEPLOYMENT_TARGET = 16.4;
				LD_RUNPATH_SEARCH_PATHS = "@executable_path/Frameworks";
				"LD_RUNPATH_SEARCH_PATHS[sdk=macosx*]" = "@executable_path/../Frameworks";
				MACOSX_DEPLOYMENT_TARGET = 13.2;
				MARKETING_VERSION = 1.0;
				PRODUCT_BUNDLE_IDENTIFIER = io.primalcode.ImageGenerator;
				PRODUCT_NAME = "$(TARGET_NAME)";
				SDKROOT = auto;
				SUPPORTED_PLATFORMS = "iphoneos iphonesimulator macosx";
				SWIFT_EMIT_LOC_STRINGS = YES;
				SWIFT_VERSION = 5.0;
				TARGETED_DEVICE_FAMILY = "1,2";
			};
			name = Debug;
		};
		49DCDC072A0AA0BD005B37E3 /* Release */ = {
			isa = XCBuildConfiguration;
			buildSettings = {
				ASSETCATALOG_COMPILER_APPICON_NAME = AppIcon;
				ASSETCATALOG_COMPILER_GLOBAL_ACCENT_COLOR_NAME = AccentColor;
				CODE_SIGN_ENTITLEMENTS = ImageGenerator/ImageGenerator.entitlements;
				CODE_SIGN_STYLE = Automatic;
				CURRENT_PROJECT_VERSION = 1;
				DEVELOPMENT_ASSET_PATHS = "\"ImageGenerator/Preview Content\"";
				ENABLE_PREVIEWS = YES;
				GENERATE_INFOPLIST_FILE = YES;
				INFOPLIST_FILE = ImageGenerator/Info.plist;
				INFOPLIST_KEY_CFBundleDisplayName = "";
				INFOPLIST_KEY_LSApplicationCategoryType = "";
				INFOPLIST_KEY_NSPhotoLibraryAddUsageDescription = "";
				INFOPLIST_KEY_NSPhotoLibraryUsageDescription = "This app needs to save images to your photo library in order to share them with friends.";
				"INFOPLIST_KEY_UIApplicationSceneManifest_Generation[sdk=iphoneos*]" = YES;
				"INFOPLIST_KEY_UIApplicationSceneManifest_Generation[sdk=iphonesimulator*]" = YES;
				"INFOPLIST_KEY_UIApplicationSupportsIndirectInputEvents[sdk=iphoneos*]" = YES;
				"INFOPLIST_KEY_UIApplicationSupportsIndirectInputEvents[sdk=iphonesimulator*]" = YES;
				"INFOPLIST_KEY_UILaunchScreen_Generation[sdk=iphoneos*]" = YES;
				"INFOPLIST_KEY_UILaunchScreen_Generation[sdk=iphonesimulator*]" = YES;
				"INFOPLIST_KEY_UIStatusBarStyle[sdk=iphoneos*]" = UIStatusBarStyleDefault;
				"INFOPLIST_KEY_UIStatusBarStyle[sdk=iphonesimulator*]" = UIStatusBarStyleDefault;
				INFOPLIST_KEY_UISupportedInterfaceOrientations_iPad = "UIInterfaceOrientationPortrait UIInterfaceOrientationPortraitUpsideDown UIInterfaceOrientationLandscapeLeft UIInterfaceOrientationLandscapeRight";
				INFOPLIST_KEY_UISupportedInterfaceOrientations_iPhone = "UIInterfaceOrientationPortrait UIInterfaceOrientationLandscapeLeft UIInterfaceOrientationLandscapeRight";
				IPHONEOS_DEPLOYMENT_TARGET = 16.4;
				LD_RUNPATH_SEARCH_PATHS = "@executable_path/Frameworks";
				"LD_RUNPATH_SEARCH_PATHS[sdk=macosx*]" = "@executable_path/../Frameworks";
				MACOSX_DEPLOYMENT_TARGET = 13.2;
				MARKETING_VERSION = 1.0;
				PRODUCT_BUNDLE_IDENTIFIER = io.primalcode.ImageGenerator;
				PRODUCT_NAME = "$(TARGET_NAME)";
				SDKROOT = auto;
				SUPPORTED_PLATFORMS = "iphoneos iphonesimulator macosx";
				SWIFT_EMIT_LOC_STRINGS = YES;
				SWIFT_VERSION = 5.0;
				TARGETED_DEVICE_FAMILY = "1,2";
			};
			name = Release;
		};
/* End XCBuildConfiguration section */

/* Begin XCConfigurationList section */
		49DCDBF12A0AA0B0005B37E3 /* Build configuration list for PBXProject "ImageGenerator" */ = {
			isa = XCConfigurationList;
			buildConfigurations = (
				49DCDC032A0AA0BD005B37E3 /* Debug */,
				49DCDC042A0AA0BD005B37E3 /* Release */,
			);
			defaultConfigurationIsVisible = 0;
			defaultConfigurationName = Release;
		};
		49DCDC052A0AA0BD005B37E3 /* Build configuration list for PBXNativeTarget "ImageGenerator" */ = {
			isa = XCConfigurationList;
			buildConfigurations = (
				49DCDC062A0AA0BD005B37E3 /* Debug */,
				49DCDC072A0AA0BD005B37E3 /* Release */,
			);
			defaultConfigurationIsVisible = 0;
			defaultConfigurationName = Release;
		};
/* End XCConfigurationList section */

/* Begin XCRemoteSwiftPackageReference section */
		49DCDC082A0AA432005B37E3 /* XCRemoteSwiftPackageReference "OpenAIKit" */ = {
			isa = XCRemoteSwiftPackageReference;
			repositoryURL = "https://github.com/MarcoDotIO/OpenAIKit.git";
			requirement = {
				kind = upToNextMajorVersion;
				minimumVersion = 1.0.0;
			};
		};
/* End XCRemoteSwiftPackageReference section */

/* Begin XCSwiftPackageProductDependency section */
		49DCDC092A0AA432005B37E3 /* OpenAIKit */ = {
			isa = XCSwiftPackageProductDependency;
			package = 49DCDC082A0AA432005B37E3 /* XCRemoteSwiftPackageReference "OpenAIKit" */;
			productName = OpenAIKit;
		};
/* End XCSwiftPackageProductDependency section */
	};
	rootObject = 49DCDBEE2A0AA0B0005B37E3 /* Project object */;
}
